
Microsoft Visual Studio Solution File, Format Version 12.00
# Visual Studio Version 16
VisualStudioVersion = 16.0.31205.134
MinimumVisualStudioVersion = 10.0.40219.1
Project("{FAE04EC0-301F-11D3-BF4B-00C04F79EFBC}") = "InscripcionesWebApp", "InscripcionesWebApp.csproj", "{8A2D6833-E952-4738-A833-B3A4B5068F9E}"
EndProject
Global
	GlobalSection(SolutionConfigurationPlatforms) = preSolution
		Debug|Any CPU = Debug|Any CPU
		Release|Any CPU = Release|Any CPU
	EndGlobalSection
	GlobalSection(ProjectConfigurationPlatforms) = postSolution
		{8A2D6833-E952-4738-A833-B3A4B5068F9E}.Debug|Any CPU.ActiveCfg = Debug|Any CPU
		{8A2D6833-E952-4738-A833-B3A4B5068F9E}.Debug|Any CPU.Build.0 = Debug|Any CPU
		{8A2D6833-E952-4738-A833-B3A4B5068F9E}.Release|Any CPU.ActiveCfg = Release|Any CPU
		{8A2D6833-E952-4738-A833-B3A4B5068F9E}.Release|Any CPU.Build.0 = Release|Any CPU
	EndGlobalSection
	GlobalSection(SolutionProperties) = preSolution
		HideSolutionNode = FALSE
	EndGlobalSection
	GlobalSection(ExtensibilityGlobals) = postSolution
		SolutionGuid = {4C2AEE80-704C-41DD-85DB-D08ECBF9CED9}
	EndGlobalSection
EndGlobal
